
Microsoft Visual Studio Solution File, Format Version 12.00
# Visual Studio Version 17
VisualStudioVersion = 17.8.34316.72
MinimumVisualStudioVersion = 10.0.40219.1
Project("{FAE04EC0-301F-11D3-BF4B-00C04F79EFBC}") = "DioEstacionamento", "DioEstacionamento\DioEstacionamento.csproj", "{A8515384-AD9D-48F0-B23C-5FA53136AB8E}"
EndProject
Global
	GlobalSection(SolutionConfigurationPlatforms) = preSolution
		Debug|Any CPU = Debug|Any CPU
		Release|Any CPU = Release|Any CPU
	EndGlobalSection
	GlobalSection(ProjectConfigurationPlatforms) = postSolution
		{A8515384-AD9D-48F0-B23C-5FA53136AB8E}.Debug|Any CPU.ActiveCfg = Debug|Any CPU
		{A8515384-AD9D-48F0-B23C-5FA53136AB8E}.Debug|Any CPU.Build.0 = Debug|Any CPU
		{A8515384-AD9D-48F0-B23C-5FA53136AB8E}.Release|Any CPU.ActiveCfg = Release|Any CPU
		{A8515384-AD9D-48F0-B23C-5FA53136AB8E}.Release|Any CPU.Build.0 = Release|Any CPU
	EndGlobalSection
	GlobalSection(SolutionProperties) = preSolution
		HideSolutionNode = FALSE
	EndGlobalSection
	GlobalSection(ExtensibilityGlobals) = postSolution
		SolutionGuid = {D6F9134A-914B-45C2-B7A9-ABFAFB5A32A4}
	EndGlobalSection
EndGlobal
